
Microsoft Visual Studio Solution File, Format Version 12.00
# Visual Studio 15
VisualStudioVersion = 15.0.27703.2042
MinimumVisualStudioVersion = 10.0.40219.1
Project("{FAE04EC0-301F-11D3-BF4B-00C04F79EFBC}") = "ConsoleUI", "ConsoleUI\ConsoleUI.csproj", "{62DF7697-A5FC-4752-8C26-6E3F9F43A143}"
	ProjectSection(ProjectDependencies) = postProject
		{22EBF077-191A-4C8B-B8DA-ABC32B033856} = {22EBF077-191A-4C8B-B8DA-ABC32B033856}
	EndProjectSection
EndProject
Project("{FAE04EC0-301F-11D3-BF4B-00C04F79EFBC}") = "MyComplex", "MyComplex\MyComplex.csproj", "{22EBF077-191A-4C8B-B8DA-ABC32B033856}"
EndProject
Global
	GlobalSection(SolutionConfigurationPlatforms) = preSolution
		Debug|Any CPU = Debug|Any CPU
		Release|Any CPU = Release|Any CPU
	EndGlobalSection
	GlobalSection(ProjectConfigurationPlatforms) = postSolution
		{62DF7697-A5FC-4752-8C26-6E3F9F43A143}.Debug|Any CPU.ActiveCfg = Debug|Any CPU
		{62DF7697-A5FC-4752-8C26-6E3F9F43A143}.Debug|Any CPU.Build.0 = Debug|Any CPU
		{62DF7697-A5FC-4752-8C26-6E3F9F43A143}.Release|Any CPU.ActiveCfg = Release|Any CPU
		{62DF7697-A5FC-4752-8C26-6E3F9F43A143}.Release|Any CPU.Build.0 = Release|Any CPU
		{22EBF077-191A-4C8B-B8DA-ABC32B033856}.Debug|Any CPU.ActiveCfg = Debug|Any CPU
		{22EBF077-191A-4C8B-B8DA-ABC32B033856}.Debug|Any CPU.Build.0 = Debug|Any CPU
		{22EBF077-191A-4C8B-B8DA-ABC32B033856}.Release|Any CPU.ActiveCfg = Release|Any CPU
		{22EBF077-191A-4C8B-B8DA-ABC32B033856}.Release|Any CPU.Build.0 = Release|Any CPU
	EndGlobalSection
	GlobalSection(SolutionProperties) = preSolution
		HideSolutionNode = FALSE
	EndGlobalSection
	GlobalSection(ExtensibilityGlobals) = postSolution
		SolutionGuid = {027ED548-5B5F-4F62-A078-AF3A98A75298}
	EndGlobalSection
EndGlobal
